// !$*UTF8*$!
{
	archiveVersion = 1;
	classes = {
	};
	objectVersion = 46;
	objects = {

/* Begin PBXBuildFile section */
		BB0B40BD1C893222005EF39A /* NSString+Encryption.m in Sources */ = {isa = PBXBuildFile; fileRef = BB0B40BC1C893222005EF39A /* NSString+Encryption.m */; };
		BBFE0D171C7E980D00A51D09 /* main.m in Sources */ = {isa = PBXBuildFile; fileRef = BBFE0D161C7E980D00A51D09 /* main.m */; };
		BBFE0D221C7E98C000A51D09 /* NSData+LCCryptUtil.m in Sources */ = {isa = PBXBuildFile; fileRef = BBFE0D211C7E98C000A51D09 /* NSData+LCCryptUtil.m */; };
/* End PBXBuildFile section */

/* Begin PBXCopyFilesBuildPhase section */
		BBFE0D111C7E980D00A51D09 /* CopyFiles */ = {
			isa = PBXCopyFilesBuildPhase;
			buildActionMask = 2147483647;
			dstPath = /usr/share/man/man1/;
			dstSubfolderSpec = 0;
			files = (
			);
			runOnlyForDeploymentPostprocessing = 1;
		};
/* End PBXCopyFilesBuildPhase section */

/* Begin PBXFileReference section */
		BB0B40BB1C893222005EF39A /* NSString+Encryption.h */ = {isa = PBXFileReference; fileEncoding = 4; lastKnownFileType = sourcecode.c.h; path = "NSString+Encryption.h"; sourceTree = "<group>"; };
		BB0B40BC1C893222005EF39A /* NSString+Encryption.m */ = {isa = PBXFileReference; fileEncoding = 4; lastKnownFileType = sourcecode.c.objc; path = "NSString+Encryption.m"; sourceTree = "<group>"; };
		BBFE0D131C7E980D00A51D09 /* 数据验签 */ = {isa = PBXFileReference; explicitFileType = "compiled.mach-o.executable"; includeInIndex = 0; path = "数据验签"; sourceTree = BUILT_PRODUCTS_DIR; };
		BBFE0D161C7E980D00A51D09 /* main.m */ = {isa = PBXFileReference; lastKnownFileType = sourcecode.c.objc; path = main.m; sourceTree = "<group>"; };
		BBFE0D201C7E98C000A51D09 /* NSData+LCCryptUtil.h */ = {isa = PBXFileReference; fileEncoding = 4; lastKnownFileType = sourcecode.c.h; path = "NSData+LCCryptUtil.h"; sourceTree = "<group>"; };
		BBFE0D211C7E98C000A51D09 /* NSData+LCCryptUtil.m */ = {isa = PBXFileReference; fileEncoding = 4; lastKnownFileType = sourcecode.c.objc; path = "NSData+LCCryptUtil.m"; sourceTree = "<group>"; };
/* End PBXFileReference section */

/* Begin PBXFrameworksBuildPhase section */
		BBFE0D101C7E980D00A51D09 /* Frameworks */ = {
			isa = PBXFrameworksBuildPhase;
			buildActionMask = 2147483647;
			files = (
			);
			runOnlyForDeploymentPostprocessing = 0;
		};
/* End PBXFrameworksBuildPhase section */

/* Begin PBXGroup section */
		BBFE0D0A1C7E980D00A51D09 = {
			isa = PBXGroup;
			children = (
				BBFE0D151C7E980D00A51D09 /* 数据验签 */,
				BBFE0D141C7E980D00A51D09 /* Products */,
			);
			sourceTree = "<group>";
		};
		BBFE0D141C7E980D00A51D09 /* Products */ = {
			isa = PBXGroup;
			children = (
				BBFE0D131C7E980D00A51D09 /* 数据验签 */,
			);
			name = Products;
			sourceTree = "<group>";
		};
		BBFE0D151C7E980D00A51D09 /* 数据验签 */ = {
			isa = PBXGroup;
			children = (
				BBFE0D161C7E980D00A51D09 /* main.m */,
				BB0B40BB1C893222005EF39A /* NSString+Encryption.h */,
				BB0B40BC1C893222005EF39A /* NSString+Encryption.m */,
				BBFE0D201C7E98C000A51D09 /* NSData+LCCryptUtil.h */,
				BBFE0D211C7E98C000A51D09 /* NSData+LCCryptUtil.m */,
			);
			path = "数据验签";
			sourceTree = "<group>";
		};
/* End PBXGroup section */

/* Begin PBXNativeTarget section */
		BBFE0D121C7E980D00A51D09 /* 数据验签 */ = {
			isa = PBXNativeTarget;
			buildConfigurationList = BBFE0D1A1C7E980D00A51D09 /* Build configuration list for PBXNativeTarget "数据验签" */;
			buildPhases = (
				BBFE0D0F1C7E980D00A51D09 /* Sources */,
				BBFE0D101C7E980D00A51D09 /* Frameworks */,
				BBFE0D111C7E980D00A51D09 /* CopyFiles */,
			);
			buildRules = (
			);
			dependencies = (
			);
			name = "数据验签";
			productName = "数据验签";
			productReference = BBFE0D131C7E980D00A51D09 /* 数据验签 */;
			productType = "com.apple.product-type.tool";
		};
/* End PBXNativeTarget section */

/* Begin PBXProject section */
		BBFE0D0B1C7E980D00A51D09 /* Project object */ = {
			isa = PBXProject;
			attributes = {
				LastUpgradeCheck = 0720;
				ORGANIZATIONNAME = "罗成";
				TargetAttributes = {
					BBFE0D121C7E980D00A51D09 = {
						CreatedOnToolsVersion = 7.2;
					};
				};
			};
			buildConfigurationList = BBFE0D0E1C7E980D00A51D09 /* Build configuration list for PBXProject "数据验签" */;
			compatibilityVersion = "Xcode 3.2";
			developmentRegion = English;
			hasScannedForEncodings = 0;
			knownRegions = (
				en,
			);
			mainGroup = BBFE0D0A1C7E980D00A51D09;
			productRefGroup = BBFE0D141C7E980D00A51D09 /* Products */;
			projectDirPath = "";
			projectRoot = "";
			targets = (
				BBFE0D121C7E980D00A51D09 /* 数据验签 */,
			);
		};
/* End PBXProject section */

/* Begin PBXSourcesBuildPhase section */
		BBFE0D0F1C7E980D00A51D09 /* Sources */ = {
			isa = PBXSourcesBuildPhase;
			buildActionMask = 2147483647;
			files = (
				BBFE0D221C7E98C000A51D09 /* NSData+LCCryptUtil.m in Sources */,
				BB0B40BD1C893222005EF39A /* NSString+Encryption.m in Sources */,
				BBFE0D171C7E980D00A51D09 /* main.m in Sources */,
			);
			runOnlyForDeploymentPostprocessing = 0;
		};
/* End PBXSourcesBuildPhase section */

/* Begin XCBuildConfiguration section */
		BBFE0D181C7E980D00A51D09 /* Debug */ = {
			isa = XCBuildConfiguration;
			buildSettings = {
				ALWAYS_SEARCH_USER_PATHS = NO;
				CLANG_CXX_LANGUAGE_STANDARD = "gnu++0x";
				CLANG_CXX_LIBRARY = "libc++";
				CLANG_ENABLE_MODULES = YES;
				CLANG_ENABLE_OBJC_ARC = YES;
				CLANG_WARN_BOOL_CONVERSION = YES;
				CLANG_WARN_CONSTANT_CONVERSION = YES;
				CLANG_WARN_DIRECT_OBJC_ISA_USAGE = YES_ERROR;
				CLANG_WARN_EMPTY_BODY = YES;
				CLANG_WARN_ENUM_CONVERSION = YES;
				CLANG_WARN_INT_CONVERSION = YES;
				CLANG_WARN_OBJC_ROOT_CLASS = YES_ERROR;
				CLANG_WARN_UNREACHABLE_CODE = YES;
				CLANG_WARN__DUPLICATE_METHOD_MATCH = YES;
				CODE_SIGN_IDENTITY = "-";
				COPY_PHASE_STRIP = NO;
				DEBUG_INFORMATION_FORMAT = dwarf;
				ENABLE_STRICT_OBJC_MSGSEND = YES;
				ENABLE_TESTABILITY = YES;
				GCC_C_LANGUAGE_STANDARD = gnu99;
				GCC_DYNAMIC_NO_PIC = NO;
				GCC_NO_COMMON_BLOCKS = YES;
				GCC_OPTIMIZATION_LEVEL = 0;
				GCC_PREPROCESSOR_DEFINITIONS = (
					"DEBUG=1",
					"$(inherited)",
				);
				GCC_WARN_64_TO_32_BIT_CONVERSION = YES;
				GCC_WARN_ABOUT_RETURN_TYPE = YES_ERROR;
				GCC_WARN_UNDECLARED_SELECTOR = YES;
				GCC_WARN_UNINITIALIZED_AUTOS = YES_AGGRESSIVE;
				GCC_WARN_UNUSED_FUNCTION = YES;
				GCC_WARN_UNUSED_VARIABLE = YES;
				MACOSX_DEPLOYMENT_TARGET = 10.10;
				MTL_ENABLE_DEBUG_INFO = YES;
				ONLY_ACTIVE_ARCH = YES;
				SDKROOT = macosx;
			};
			name = Debug;
		};
		BBFE0D191C7E980D00A51D09 /* Release */ = {
			isa = XCBuildConfiguration;
			buildSettings = {
				ALWAYS_SEARCH_USER_PATHS = NO;
				CLANG_CXX_LANGUAGE_STANDARD = "gnu++0x";
				CLANG_CXX_LIBRARY = "libc++";
				CLANG_ENABLE_MODULES = YES;
				CLANG_ENABLE_OBJC_ARC = YES;
				CLANG_WARN_BOOL_CONVERSION = YES;
				CLANG_WARN_CONSTANT_CONVERSION = YES;
				CLANG_WARN_DIRECT_OBJC_ISA_USAGE = YES_ERROR;
				CLANG_WARN_EMPTY_BODY = YES;
				CLANG_WARN_ENUM_CONVERSION = YES;
				CLANG_WARN_INT_CONVERSION = YES;
				CLANG_WARN_OBJC_ROOT_CLASS = YES_ERROR;
				CLANG_WARN_UNREACHABLE_CODE = YES;
				CLANG_WARN__DUPLICATE_METHOD_MATCH = YES;
				CODE_SIGN_IDENTITY = "-";
				COPY_PHASE_STRIP = NO;
				DEBUG_INFORMATION_FORMAT = "dwarf-with-dsym";
				ENABLE_NS_ASSERTIONS = NO;
				ENABLE_STRICT_OBJC_MSGSEND = YES;
				GCC_C_LANGUAGE_STANDARD = gnu99;
				GCC_NO_COMMON_BLOCKS = YES;
				GCC_WARN_64_TO_32_BIT_CONVERSION = YES;
				GCC_WARN_ABOUT_RETURN_TYPE = YES_ERROR;
				GCC_WARN_UNDECLARED_SELECTOR = YES;
				GCC_WARN_UNINITIALIZED_AUTOS = YES_AGGRESSIVE;
				GCC_WARN_UNUSED_FUNCTION = YES;
				GCC_WARN_UNUSED_VARIABLE = YES;
				MACOSX_DEPLOYMENT_TARGET = 10.10;
				MTL_ENABLE_DEBUG_INFO = NO;
				SDKROOT = macosx;
			};
			name = Release;
		};
		BBFE0D1B1C7E980D00A51D09 /* Debug */ = {
			isa = XCBuildConfiguration;
			buildSettings = {
				PRODUCT_NAME = "$(TARGET_NAME)";
			};
			name = Debug;
		};
		BBFE0D1C1C7E980D00A51D09 /* Release */ = {
			isa = XCBuildConfiguration;
			buildSettings = {
				PRODUCT_NAME = "$(TARGET_NAME)";
			};
			name = Release;
		};
/* End XCBuildConfiguration section */

/* Begin XCConfigurationList section */
		BBFE0D0E1C7E980D00A51D09 /* Build configuration list for PBXProject "数据验签" */ = {
			isa = XCConfigurationList;
			buildConfigurations = (
				BBFE0D181C7E980D00A51D09 /* Debug */,
				BBFE0D191C7E980D00A51D09 /* Release */,
			);
			defaultConfigurationIsVisible = 0;
			defaultConfigurationName = Release;
		};
		BBFE0D1A1C7E980D00A51D09 /* Build configuration list for PBXNativeTarget "数据验签" */ = {
			isa = XCConfigurationList;
			buildConfigurations = (
				BBFE0D1B1C7E980D00A51D09 /* Debug */,
				BBFE0D1C1C7E980D00A51D09 /* Release */,
			);
			defaultConfigurationIsVisible = 0;
			defaultConfigurationName = Release;
		};
/* End XCConfigurationList section */
	};
	rootObject = BBFE0D0B1C7E980D00A51D09 /* Project object */;
}
