PODS:
  - Realm (0.97.0):
    - Realm/Headers (= 0.97.0)
  - Realm/Headers (0.97.0)
  - UITableView+FDTemplateLayoutCell (1.3)

DEPENDENCIES:
  - Realm (~> 0.97.0)
  - UITableView+FDTemplateLayoutCell

SPEC CHECKSUMS:
  Realm: b498a6fb9d288b171ff98d0e2d4384c295be8990
  UITableView+FDTemplateLayoutCell: d5be6056b5060313f5955a2590ecd33142ad713d

COCOAPODS: 0.39.0
